
Microsoft Visual Studio Solution File, Format Version 12.00
# Visual Studio Version 16
VisualStudioVersion = 16.0.29318.209
MinimumVisualStudioVersion = 10.0.40219.1
Project("{8BC9CEB8-8B4A-11D0-8D11-00A0C91BC942}") = "proiect madalin", "proiect madalin\proiect madalin.vcxproj", "{20F52FFC-D950-4793-AB77-6D51C8A4F605}"
EndProject
Global
	GlobalSection(SolutionConfigurationPlatforms) = preSolution
		Debug|x64 = Debug|x64
		Debug|x86 = Debug|x86
		Release|x64 = Release|x64
		Release|x86 = Release|x86
	EndGlobalSection
	GlobalSection(ProjectConfigurationPlatforms) = postSolution
		{20F52FFC-D950-4793-AB77-6D51C8A4F605}.Debug|x64.ActiveCfg = Debug|x64
		{20F52FFC-D950-4793-AB77-6D51C8A4F605}.Debug|x64.Build.0 = Debug|x64
		{20F52FFC-D950-4793-AB77-6D51C8A4F605}.Debug|x86.ActiveCfg = Debug|Win32
		{20F52FFC-D950-4793-AB77-6D51C8A4F605}.Debug|x86.Build.0 = Debug|Win32
		{20F52FFC-D950-4793-AB77-6D51C8A4F605}.Release|x64.ActiveCfg = Release|x64
		{20F52FFC-D950-4793-AB77-6D51C8A4F605}.Release|x64.Build.0 = Release|x64
		{20F52FFC-D950-4793-AB77-6D51C8A4F605}.Release|x86.ActiveCfg = Release|Win32
		{20F52FFC-D950-4793-AB77-6D51C8A4F605}.Release|x86.Build.0 = Release|Win32
	EndGlobalSection
	GlobalSection(SolutionProperties) = preSolution
		HideSolutionNode = FALSE
	EndGlobalSection
	GlobalSection(ExtensibilityGlobals) = postSolution
		SolutionGuid = {DE215F91-E76C-4ACA-8118-93B9C7B3A08B}
	EndGlobalSection
EndGlobal
